
Microsoft Visual Studio Solution File, Format Version 12.00
# Visual Studio Version 16
VisualStudioVersion = 16.0.31112.23
MinimumVisualStudioVersion = 10.0.40219.1
Project("{FAE04EC0-301F-11D3-BF4B-00C04F79EFBC}") = "GdTool", "GdTool\GdTool.csproj", "{408E3BE7-02D5-4386-8326-EBFF8D04AB62}"
EndProject
Global
	GlobalSection(SolutionConfigurationPlatforms) = preSolution
		Debug|Any CPU = Debug|Any CPU
		Release|Any CPU = Release|Any CPU
	EndGlobalSection
	GlobalSection(ProjectConfigurationPlatforms) = postSolution
		{408E3BE7-02D5-4386-8326-EBFF8D04AB62}.Debug|Any CPU.ActiveCfg = Debug|Any CPU
		{408E3BE7-02D5-4386-8326-EBFF8D04AB62}.Debug|Any CPU.Build.0 = Debug|Any CPU
		{408E3BE7-02D5-4386-8326-EBFF8D04AB62}.Release|Any CPU.ActiveCfg = Release|Any CPU
		{408E3BE7-02D5-4386-8326-EBFF8D04AB62}.Release|Any CPU.Build.0 = Release|Any CPU
	EndGlobalSection
	GlobalSection(SolutionProperties) = preSolution
		HideSolutionNode = FALSE
	EndGlobalSection
	GlobalSection(ExtensibilityGlobals) = postSolution
		SolutionGuid = {43970B55-F4F6-4669-91CF-B8FE16D9C6AE}
	EndGlobalSection
EndGlobal
